# THIS IS AN AUTOGENERATED FILE. DO NOT EDIT THIS FILE DIRECTLY.
# yarn lockfile v1


"@playwright/test@^1.52.0":
  version "1.52.0"
  resolved "https://registry.yarnpkg.com/@playwright/test/-/test-1.52.0.tgz#267ec595b43a8f4fa5e444ea503689629e91a5b8"
  integrity sha512-uh6W7sb55hl7D6vsAeA+V2p5JnlAqzhqFyF0VcJkKZXkgnFcVG9PziERRHQfPLfNGx1C292a4JqbWzhR8L4R1g==
  dependencies:
    playwright "1.52.0"

"@types/node@^22.15.29":
  version "22.15.29"
  resolved "https://registry.yarnpkg.com/@types/node/-/node-22.15.29.tgz#c75999124a8224a3f79dd8b6ccfb37d74098f678"
  integrity sha512-LNdjOkUDlU1RZb8e1kOIUpN1qQUlzGkEtbVNo53vbrwDg5om6oduhm4SiUaPW5ASTXhAiP0jInWG8Qx9fVlOeQ==
  dependencies:
    undici-types "~6.21.0"

assert-options@0.8.2:
  version "0.8.2"
  resolved "https://registry.yarnpkg.com/assert-options/-/assert-options-0.8.2.tgz#537d4607e18a65ba46bdeac0636d1a56f7b345da"
  integrity sha512-XaXoMxY0zuwAb0YuZjxIm8FeWvNq0aWNIbrzHhFjme8Smxw4JlPoyrAKQ6808k5UvQdhvnWqHZCphq5mXd4TDA==

fsevents@2.3.2:
  version "2.3.2"
  resolved "https://registry.yarnpkg.com/fsevents/-/fsevents-2.3.2.tgz#8a526f78b8fdf4623b709e0b975c52c24c02fd1a"
  integrity sha512-xiqMQR4xAeHTuB9uWm+fFRcIOgKBMiOBP+eXiyT7jsgVCq1bkVygt00oASowB7EdtpOHaaPgKt812P9ab+DDKA==

pg-cloudflare@^1.1.1:
  version "1.2.5"
  resolved "https://registry.yarnpkg.com/pg-cloudflare/-/pg-cloudflare-1.2.5.tgz#2e3649c38a7a9c74a7e5327c8098a2fd9af595bd"
  integrity sha512-OOX22Vt0vOSRrdoUPKJ8Wi2OpE/o/h9T8X1s4qSkCedbNah9ei2W2765be8iMVxQUsvgT7zIAT2eIa9fs5+vtg==

pg-connection-string@^2.7.0:
  version "2.9.0"
  resolved "https://registry.yarnpkg.com/pg-connection-string/-/pg-connection-string-2.9.0.tgz#f75e06591fdd42ec7636fe2c6a03febeedbec9bf"
  integrity sha512-P2DEBKuvh5RClafLngkAuGe9OUlFV7ebu8w1kmaaOgPcpJd1RIFh7otETfI6hAR8YupOLFTY7nuvvIn7PLciUQ==

pg-int8@1.0.1:
  version "1.0.1"
  resolved "https://registry.yarnpkg.com/pg-int8/-/pg-int8-1.0.1.tgz#943bd463bf5b71b4170115f80f8efc9a0c0eb78c"
  integrity sha512-WCtabS6t3c8SkpDBUlb1kjOs7l66xsGdKpIPZsg4wR+B3+u9UAum2odSsF9tnvxg80h4ZxLWMy4pRjOsFIqQpw==

pg-minify@1.7.0:
  version "1.7.0"
  resolved "https://registry.yarnpkg.com/pg-minify/-/pg-minify-1.7.0.tgz#7bdd635f8a6b304156ddc13c2de72f9d8f5e36f7"
  integrity sha512-kFPxAWAhPMvOqnY7klP3scdU5R7bxpAYOm8vGExuIkcSIwuFkZYl4C4XIPQ8DtXY2NzVmAX1aFHpvFSXQ/qQmA==

pg-pool@^3.8.0:
  version "3.10.0"
  resolved "https://registry.yarnpkg.com/pg-pool/-/pg-pool-3.10.0.tgz#134b0213755c5e7135152976488aa7cd7ee1268d"
  integrity sha512-DzZ26On4sQ0KmqnO34muPcmKbhrjmyiO4lCCR0VwEd7MjmiKf5NTg/6+apUEu0NF7ESa37CGzFxH513CoUmWnA==

pg-promise@^11.13.0:
  version "11.13.0"
  resolved "https://registry.yarnpkg.com/pg-promise/-/pg-promise-11.13.0.tgz#90c2c7c5cd638a3ca6e8cde9f18d29dae333297d"
  integrity sha512-NWCsh1gnELfYRF5hNhfXPcSxuCk9C3FyM9MhmGkVTmepczAC2aXuBkyXhipVlHzp0V/IVzyCZOrlH48Ma3i7YQ==
  dependencies:
    assert-options "0.8.2"
    pg "8.14.1"
    pg-minify "1.7.0"
    spex "3.4.0"

pg-protocol@^1.8.0:
  version "1.10.0"
  resolved "https://registry.yarnpkg.com/pg-protocol/-/pg-protocol-1.10.0.tgz#a473afcbb1c6e5dc3ac24869ba3dd563f8a1ae1b"
  integrity sha512-IpdytjudNuLv8nhlHs/UrVBhU0e78J0oIS/0AVdTbWxSOkFUVdsHC/NrorO6nXsQNDTT1kzDSOMJubBQviX18Q==

pg-types@^2.1.0:
  version "2.2.0"
  resolved "https://registry.yarnpkg.com/pg-types/-/pg-types-2.2.0.tgz#2d0250d636454f7cfa3b6ae0382fdfa8063254a3"
  integrity sha512-qTAAlrEsl8s4OiEQY69wDvcMIdQN6wdz5ojQiOy6YRMuynxenON0O5oCpJI6lshc6scgAY8qvJ2On/p+CXY0GA==
  dependencies:
    pg-int8 "1.0.1"
    postgres-array "~2.0.0"
    postgres-bytea "~1.0.0"
    postgres-date "~1.0.4"
    postgres-interval "^1.1.0"

pg@8.14.1:
  version "8.14.1"
  resolved "https://registry.yarnpkg.com/pg/-/pg-8.14.1.tgz#2e3d1f287b64797cdfc8d1ba000f61a7ff8d66ed"
  integrity sha512-0TdbqfjwIun9Fm/r89oB7RFQ0bLgduAhiIqIXOsyKoiC/L54DbuAAzIEN/9Op0f1Po9X7iCPXGoa/Ah+2aI8Xw==
  dependencies:
    pg-connection-string "^2.7.0"
    pg-pool "^3.8.0"
    pg-protocol "^1.8.0"
    pg-types "^2.1.0"
    pgpass "1.x"
  optionalDependencies:
    pg-cloudflare "^1.1.1"

pgpass@1.x:
  version "1.0.5"
  resolved "https://registry.yarnpkg.com/pgpass/-/pgpass-1.0.5.tgz#9b873e4a564bb10fa7a7dbd55312728d422a223d"
  integrity sha512-FdW9r/jQZhSeohs1Z3sI1yxFQNFvMcnmfuj4WBMUTxOrAyLMaTcE1aAMBiTlbMNaXvBCQuVi0R7hd8udDSP7ug==
  dependencies:
    split2 "^4.1.0"

playwright-core@1.52.0:
  version "1.52.0"
  resolved "https://registry.yarnpkg.com/playwright-core/-/playwright-core-1.52.0.tgz#238f1f0c3edd4ebba0434ce3f4401900319a3dca"
  integrity sha512-l2osTgLXSMeuLZOML9qYODUQoPPnUsKsb5/P6LJ2e6uPKXUdPK5WYhN4z03G+YNbWmGDY4YENauNu4ZKczreHg==

playwright@1.52.0:
  version "1.52.0"
  resolved "https://registry.yarnpkg.com/playwright/-/playwright-1.52.0.tgz#26cb9a63346651e1c54c8805acfd85683173d4bd"
  integrity sha512-JAwMNMBlxJ2oD1kce4KPtMkDeKGHQstdpFPcPH3maElAXon/QZeTvtsfXmTMRyO9TslfoYOXkSsvao2nE1ilTw==
  dependencies:
    playwright-core "1.52.0"
  optionalDependencies:
    fsevents "2.3.2"

postgres-array@~2.0.0:
  version "2.0.0"
  resolved "https://registry.yarnpkg.com/postgres-array/-/postgres-array-2.0.0.tgz#48f8fce054fbc69671999329b8834b772652d82e"
  integrity sha512-VpZrUqU5A69eQyW2c5CA1jtLecCsN2U/bD6VilrFDWq5+5UIEVO7nazS3TEcHf1zuPYO/sqGvUvW62g86RXZuA==

postgres-bytea@~1.0.0:
  version "1.0.0"
  resolved "https://registry.yarnpkg.com/postgres-bytea/-/postgres-bytea-1.0.0.tgz#027b533c0aa890e26d172d47cf9ccecc521acd35"
  integrity sha512-xy3pmLuQqRBZBXDULy7KbaitYqLcmxigw14Q5sj8QBVLqEwXfeybIKVWiqAXTlcvdvb0+xkOtDbfQMOf4lST1w==

postgres-date@~1.0.4:
  version "1.0.7"
  resolved "https://registry.yarnpkg.com/postgres-date/-/postgres-date-1.0.7.tgz#51bc086006005e5061c591cee727f2531bf641a8"
  integrity sha512-suDmjLVQg78nMK2UZ454hAG+OAW+HQPZ6n++TNDUX+L0+uUlLywnoxJKDou51Zm+zTCjrCl0Nq6J9C5hP9vK/Q==

postgres-interval@^1.1.0:
  version "1.2.0"
  resolved "https://registry.yarnpkg.com/postgres-interval/-/postgres-interval-1.2.0.tgz#b460c82cb1587507788819a06aa0fffdb3544695"
  integrity sha512-9ZhXKM/rw350N1ovuWHbGxnGh/SNJ4cnxHiM0rxE4VN41wsg8P8zWn9hv/buK00RP4WvlOyr/RBDiptyxVbkZQ==
  dependencies:
    xtend "^4.0.0"

spex@3.4.0:
  version "3.4.0"
  resolved "https://registry.yarnpkg.com/spex/-/spex-3.4.0.tgz#7eb6220492231f9efdc7c7f538ccfd689e345346"
  integrity sha512-8JeZJ7QlEBnSj1W1fKXgbB2KUPA8k4BxFMf6lZX/c1ZagU/1b9uZWZK0yD6yjfzqAIuTNG4YlRmtMpQiXuohsg==

split2@^4.1.0:
  version "4.2.0"
  resolved "https://registry.yarnpkg.com/split2/-/split2-4.2.0.tgz#c9c5920904d148bab0b9f67145f245a86aadbfa4"
  integrity sha512-UcjcJOWknrNkF6PLX83qcHM6KHgVKNkV62Y8a5uYDVv9ydGQVwAHMKqHdJje1VTWpljG0WYpCDhrCdAOYH4TWg==

undici-types@~6.21.0:
  version "6.21.0"
  resolved "https://registry.yarnpkg.com/undici-types/-/undici-types-6.21.0.tgz#691d00af3909be93a7faa13be61b3a5b50ef12cb"
  integrity sha512-iwDZqg0QAGrg9Rav5H4n0M64c3mkR59cJ6wQp+7C4nI0gsmExaedaYLNO44eT4AtBBwjbTiGPMlt2Md0T9H9JQ==

xtend@^4.0.0:
  version "4.0.2"
  resolved "https://registry.yarnpkg.com/xtend/-/xtend-4.0.2.tgz#bb72779f5fa465186b1f438f674fa347fdb5db54"
  integrity sha512-LKYU1iAXJXUgAXn9URjiu+MWhyUXHsvfp7mcuYm9dSUKK0/CjtrUwFAxD82/mCWbtLsGjFIad0wIsod4zrTAEQ==
